
Microsoft Visual Studio Solution File, Format Version 12.00
# Visual Studio Version 17
VisualStudioVersion = 17.3.32901.215
MinimumVisualStudioVersion = 10.0.40219.1
Project("{FAE04EC0-301F-11D3-BF4B-00C04F79EFBC}") = "maindemo1", "maindemo1\maindemo1.csproj", "{E8854EA8-B5A3-46F7-A7EC-2EBA3E84CB46}"
EndProject
Global
	GlobalSection(SolutionConfigurationPlatforms) = preSolution
		Debug|Any CPU = Debug|Any CPU
		Release|Any CPU = Release|Any CPU
	EndGlobalSection
	GlobalSection(ProjectConfigurationPlatforms) = postSolution
		{E8854EA8-B5A3-46F7-A7EC-2EBA3E84CB46}.Debug|Any CPU.ActiveCfg = Debug|Any CPU
		{E8854EA8-B5A3-46F7-A7EC-2EBA3E84CB46}.Debug|Any CPU.Build.0 = Debug|Any CPU
		{E8854EA8-B5A3-46F7-A7EC-2EBA3E84CB46}.Release|Any CPU.ActiveCfg = Release|Any CPU
		{E8854EA8-B5A3-46F7-A7EC-2EBA3E84CB46}.Release|Any CPU.Build.0 = Release|Any CPU
	EndGlobalSection
	GlobalSection(SolutionProperties) = preSolution
		HideSolutionNode = FALSE
	EndGlobalSection
	GlobalSection(ExtensibilityGlobals) = postSolution
		SolutionGuid = {AFE8E84B-6CFF-4DE7-9747-142D45B73096}
	EndGlobalSection
EndGlobal
